// !$*UTF8*$!
{
	archiveVersion = 1;
	classes = {
	};
	objectVersion = 56;
	objects = {

/* Begin PBXBuildFile section */
		664897C22B4ED19D0049F38A /* KetoChefApp.swift in Sources */ = {isa = PBXBuildFile; fileRef = 664897C12B4ED19D0049F38A /* KetoChefApp.swift */; };
		664897C42B4ED19D0049F38A /* RecipeView.swift in Sources */ = {isa = PBXBuildFile; fileRef = 664897C32B4ED19D0049F38A /* RecipeView.swift */; };
		664897C62B4ED19F0049F38A /* Assets.xcassets in Resources */ = {isa = PBXBuildFile; fileRef = 664897C52B4ED19F0049F38A /* Assets.xcassets */; };
		664897C92B4ED19F0049F38A /* Preview Assets.xcassets in Resources */ = {isa = PBXBuildFile; fileRef = 664897C82B4ED19F0049F38A /* Preview Assets.xcassets */; };
		664897D12B4ED23B0049F38A /* Config.plist in Resources */ = {isa = PBXBuildFile; fileRef = 664897D02B4ED23B0049F38A /* Config.plist */; };
		664897D32B4ED2710049F38A /* RecipeViewModel.swift in Sources */ = {isa = PBXBuildFile; fileRef = 664897D22B4ED2710049F38A /* RecipeViewModel.swift */; };
		664897D72B4ED2BD0049F38A /* AsyncImageView.swift in Sources */ = {isa = PBXBuildFile; fileRef = 664897D62B4ED2BD0049F38A /* AsyncImageView.swift */; };
		664897D92B4ED2D80049F38A /* BlurView.swift in Sources */ = {isa = PBXBuildFile; fileRef = 664897D82B4ED2D80049F38A /* BlurView.swift */; };
		664897DB2B4ED2EE0049F38A /* ConfigReader.swift in Sources */ = {isa = PBXBuildFile; fileRef = 664897DA2B4ED2EE0049F38A /* ConfigReader.swift */; };
		664897DE2B4ED31E0049F38A /* RecipeAPIService.swift in Sources */ = {isa = PBXBuildFile; fileRef = 664897DD2B4ED31E0049F38A /* RecipeAPIService.swift */; };
		664897E02B4ED3360049F38A /* RecipeMockService.swift in Sources */ = {isa = PBXBuildFile; fileRef = 664897DF2B4ED3360049F38A /* RecipeMockService.swift */; };
		664897E22B4ED34B0049F38A /* RecipeServiceProtocol.swift in Sources */ = {isa = PBXBuildFile; fileRef = 664897E12B4ED34B0049F38A /* RecipeServiceProtocol.swift */; };
		664897E42B4ED36B0049F38A /* ImageLoader.swift in Sources */ = {isa = PBXBuildFile; fileRef = 664897E32B4ED36B0049F38A /* ImageLoader.swift */; };
		664897E82B4ED39C0049F38A /* Recipe.swift in Sources */ = {isa = PBXBuildFile; fileRef = 664897E72B4ED39C0049F38A /* Recipe.swift */; };
		664897ED2B4EF94D0049F38A /* RecipeDetails.swift in Sources */ = {isa = PBXBuildFile; fileRef = 664897EC2B4EF94D0049F38A /* RecipeDetails.swift */; };
		664897EF2B4F06C50049F38A /* RecipeDetailsView.swift in Sources */ = {isa = PBXBuildFile; fileRef = 664897EE2B4F06C50049F38A /* RecipeDetailsView.swift */; };
		664897F42B5010DA0049F38A /* String+Extensions.swift in Sources */ = {isa = PBXBuildFile; fileRef = 664897F32B5010DA0049F38A /* String+Extensions.swift */; };
		664897F62B50196D0049F38A /* Double+Extensions.swift in Sources */ = {isa = PBXBuildFile; fileRef = 664897F52B50196D0049F38A /* Double+Extensions.swift */; };
		664897F82B5147520049F38A /* CookingStepsView.swift in Sources */ = {isa = PBXBuildFile; fileRef = 664897F72B5147510049F38A /* CookingStepsView.swift */; };
		664897FA2B514B190049F38A /* CookingSteps.swift in Sources */ = {isa = PBXBuildFile; fileRef = 664897F92B514B190049F38A /* CookingSteps.swift */; };
		664897FC2B5351470049F38A /* FavoritesManager.swift in Sources */ = {isa = PBXBuildFile; fileRef = 664897FB2B5351470049F38A /* FavoritesManager.swift */; };
/* End PBXBuildFile section */

/* Begin PBXFileReference section */
		664897BE2B4ED19D0049F38A /* KetoChef.app */ = {isa = PBXFileReference; explicitFileType = wrapper.application; includeInIndex = 0; path = KetoChef.app; sourceTree = BUILT_PRODUCTS_DIR; };
		664897C12B4ED19D0049F38A /* KetoChefApp.swift */ = {isa = PBXFileReference; lastKnownFileType = sourcecode.swift; path = KetoChefApp.swift; sourceTree = "<group>"; };
		664897C32B4ED19D0049F38A /* RecipeView.swift */ = {isa = PBXFileReference; lastKnownFileType = sourcecode.swift; path = RecipeView.swift; sourceTree = "<group>"; };
		664897C52B4ED19F0049F38A /* Assets.xcassets */ = {isa = PBXFileReference; lastKnownFileType = folder.assetcatalog; path = Assets.xcassets; sourceTree = "<group>"; };
		664897C82B4ED19F0049F38A /* Preview Assets.xcassets */ = {isa = PBXFileReference; lastKnownFileType = folder.assetcatalog; path = "Preview Assets.xcassets"; sourceTree = "<group>"; };
		664897D02B4ED23B0049F38A /* Config.plist */ = {isa = PBXFileReference; lastKnownFileType = text.plist.xml; path = Config.plist; sourceTree = "<group>"; };
		664897D22B4ED2710049F38A /* RecipeViewModel.swift */ = {isa = PBXFileReference; lastKnownFileType = sourcecode.swift; path = RecipeViewModel.swift; sourceTree = "<group>"; };
		664897D62B4ED2BD0049F38A /* AsyncImageView.swift */ = {isa = PBXFileReference; lastKnownFileType = sourcecode.swift; path = AsyncImageView.swift; sourceTree = "<group>"; };
		664897D82B4ED2D80049F38A /* BlurView.swift */ = {isa = PBXFileReference; lastKnownFileType = sourcecode.swift; path = BlurView.swift; sourceTree = "<group>"; };
		664897DA2B4ED2EE0049F38A /* ConfigReader.swift */ = {isa = PBXFileReference; lastKnownFileType = sourcecode.swift; path = ConfigReader.swift; sourceTree = "<group>"; };
		664897DD2B4ED31E0049F38A /* RecipeAPIService.swift */ = {isa = PBXFileReference; lastKnownFileType = sourcecode.swift; path = RecipeAPIService.swift; sourceTree = "<group>"; };
		664897DF2B4ED3360049F38A /* RecipeMockService.swift */ = {isa = PBXFileReference; lastKnownFileType = sourcecode.swift; path = RecipeMockService.swift; sourceTree = "<group>"; };
		664897E12B4ED34B0049F38A /* RecipeServiceProtocol.swift */ = {isa = PBXFileReference; lastKnownFileType = sourcecode.swift; path = RecipeServiceProtocol.swift; sourceTree = "<group>"; };
		664897E32B4ED36B0049F38A /* ImageLoader.swift */ = {isa = PBXFileReference; lastKnownFileType = sourcecode.swift; path = ImageLoader.swift; sourceTree = "<group>"; };
		664897E72B4ED39C0049F38A /* Recipe.swift */ = {isa = PBXFileReference; lastKnownFileType = sourcecode.swift; path = Recipe.swift; sourceTree = "<group>"; };
		664897EC2B4EF94D0049F38A /* RecipeDetails.swift */ = {isa = PBXFileReference; lastKnownFileType = sourcecode.swift; path = RecipeDetails.swift; sourceTree = "<group>"; };
		664897EE2B4F06C50049F38A /* RecipeDetailsView.swift */ = {isa = PBXFileReference; lastKnownFileType = sourcecode.swift; path = RecipeDetailsView.swift; sourceTree = "<group>"; };
		664897F32B5010DA0049F38A /* String+Extensions.swift */ = {isa = PBXFileReference; lastKnownFileType = sourcecode.swift; path = "String+Extensions.swift"; sourceTree = "<group>"; };
		664897F52B50196D0049F38A /* Double+Extensions.swift */ = {isa = PBXFileReference; lastKnownFileType = sourcecode.swift; path = "Double+Extensions.swift"; sourceTree = "<group>"; };
		664897F72B5147510049F38A /* CookingStepsView.swift */ = {isa = PBXFileReference; lastKnownFileType = sourcecode.swift; path = CookingStepsView.swift; sourceTree = "<group>"; };
		664897F92B514B190049F38A /* CookingSteps.swift */ = {isa = PBXFileReference; lastKnownFileType = sourcecode.swift; path = CookingSteps.swift; sourceTree = "<group>"; };
		664897FB2B5351470049F38A /* FavoritesManager.swift */ = {isa = PBXFileReference; lastKnownFileType = sourcecode.swift; path = FavoritesManager.swift; sourceTree = "<group>"; };
/* End PBXFileReference section */

/* Begin PBXFrameworksBuildPhase section */
		664897BB2B4ED19D0049F38A /* Frameworks */ = {
			isa = PBXFrameworksBuildPhase;
			buildActionMask = 2147483647;
			files = (
			);
			runOnlyForDeploymentPostprocessing = 0;
		};
/* End PBXFrameworksBuildPhase section */

/* Begin PBXGroup section */
		664897B52B4ED19D0049F38A = {
			isa = PBXGroup;
			children = (
				664897C02B4ED19D0049F38A /* KetoChef */,
				664897BF2B4ED19D0049F38A /* Products */,
			);
			sourceTree = "<group>";
		};
		664897BF2B4ED19D0049F38A /* Products */ = {
			isa = PBXGroup;
			children = (
				664897BE2B4ED19D0049F38A /* KetoChef.app */,
			);
			name = Products;
			sourceTree = "<group>";
		};
		664897C02B4ED19D0049F38A /* KetoChef */ = {
			isa = PBXGroup;
			children = (
				664897E62B4ED38F0049F38A /* Models */,
				664897CF2B4ED21C0049F38A /* Views */,
				664897D42B4ED2950049F38A /* ViewModels */,
				664897D52B4ED2AA0049F38A /* Utilities */,
				664897DC2B4ED3070049F38A /* Services */,
				664897E52B4ED36E0049F38A /* Networking */,
				664897F22B5010C80049F38A /* Extensions */,
				664897C12B4ED19D0049F38A /* KetoChefApp.swift */,
				664897C52B4ED19F0049F38A /* Assets.xcassets */,
				664897C72B4ED19F0049F38A /* Preview Content */,
				664897D02B4ED23B0049F38A /* Config.plist */,
			);
			path = KetoChef;
			sourceTree = "<group>";
		};
		664897C72B4ED19F0049F38A /* Preview Content */ = {
			isa = PBXGroup;
			children = (
				664897C82B4ED19F0049F38A /* Preview Assets.xcassets */,
			);
			path = "Preview Content";
			sourceTree = "<group>";
		};
		664897CF2B4ED21C0049F38A /* Views */ = {
			isa = PBXGroup;
			children = (
				664897C32B4ED19D0049F38A /* RecipeView.swift */,
				664897EE2B4F06C50049F38A /* RecipeDetailsView.swift */,
				664897F72B5147510049F38A /* CookingStepsView.swift */,
			);
			path = Views;
			sourceTree = "<group>";
		};
		664897D42B4ED2950049F38A /* ViewModels */ = {
			isa = PBXGroup;
			children = (
				664897D22B4ED2710049F38A /* RecipeViewModel.swift */,
			);
			path = ViewModels;
			sourceTree = "<group>";
		};
		664897D52B4ED2AA0049F38A /* Utilities */ = {
			isa = PBXGroup;
			children = (
				664897DA2B4ED2EE0049F38A /* ConfigReader.swift */,
				664897D62B4ED2BD0049F38A /* AsyncImageView.swift */,
				664897D82B4ED2D80049F38A /* BlurView.swift */,
				664897FB2B5351470049F38A /* FavoritesManager.swift */,
			);
			path = Utilities;
			sourceTree = "<group>";
		};
		664897DC2B4ED3070049F38A /* Services */ = {
			isa = PBXGroup;
			children = (
				664897E12B4ED34B0049F38A /* RecipeServiceProtocol.swift */,
				664897DD2B4ED31E0049F38A /* RecipeAPIService.swift */,
				664897DF2B4ED3360049F38A /* RecipeMockService.swift */,
			);
			path = Services;
			sourceTree = "<group>";
		};
		664897E52B4ED36E0049F38A /* Networking */ = {
			isa = PBXGroup;
			children = (
				664897E32B4ED36B0049F38A /* ImageLoader.swift */,
			);
			path = Networking;
			sourceTree = "<group>";
		};
		664897E62B4ED38F0049F38A /* Models */ = {
			isa = PBXGroup;
			children = (
				664897E72B4ED39C0049F38A /* Recipe.swift */,
				664897EC2B4EF94D0049F38A /* RecipeDetails.swift */,
				664897F92B514B190049F38A /* CookingSteps.swift */,
			);
			path = Models;
			sourceTree = "<group>";
		};
		664897F22B5010C80049F38A /* Extensions */ = {
			isa = PBXGroup;
			children = (
				664897F32B5010DA0049F38A /* String+Extensions.swift */,
				664897F52B50196D0049F38A /* Double+Extensions.swift */,
			);
			path = Extensions;
			sourceTree = "<group>";
		};
/* End PBXGroup section */

/* Begin PBXNativeTarget section */
		664897BD2B4ED19D0049F38A /* KetoChef */ = {
			isa = PBXNativeTarget;
			buildConfigurationList = 664897CC2B4ED19F0049F38A /* Build configuration list for PBXNativeTarget "KetoChef" */;
			buildPhases = (
				664897BA2B4ED19D0049F38A /* Sources */,
				664897BB2B4ED19D0049F38A /* Frameworks */,
				664897BC2B4ED19D0049F38A /* Resources */,
			);
			buildRules = (
			);
			dependencies = (
			);
			name = KetoChef;
			productName = KetoChef;
			productReference = 664897BE2B4ED19D0049F38A /* KetoChef.app */;
			productType = "com.apple.product-type.application";
		};
/* End PBXNativeTarget section */

/* Begin PBXProject section */
		664897B62B4ED19D0049F38A /* Project object */ = {
			isa = PBXProject;
			attributes = {
				BuildIndependentTargetsInParallel = 1;
				LastSwiftUpdateCheck = 1520;
				LastUpgradeCheck = 1520;
				TargetAttributes = {
					664897BD2B4ED19D0049F38A = {
						CreatedOnToolsVersion = 15.2;
					};
				};
			};
			buildConfigurationList = 664897B92B4ED19D0049F38A /* Build configuration list for PBXProject "KetoChef" */;
			compatibilityVersion = "Xcode 14.0";
			developmentRegion = en;
			hasScannedForEncodings = 0;
			knownRegions = (
				en,
				Base,
			);
			mainGroup = 664897B52B4ED19D0049F38A;
			productRefGroup = 664897BF2B4ED19D0049F38A /* Products */;
			projectDirPath = "";
			projectRoot = "";
			targets = (
				664897BD2B4ED19D0049F38A /* KetoChef */,
			);
		};
/* End PBXProject section */

/* Begin PBXResourcesBuildPhase section */
		664897BC2B4ED19D0049F38A /* Resources */ = {
			isa = PBXResourcesBuildPhase;
			buildActionMask = 2147483647;
			files = (
				664897C92B4ED19F0049F38A /* Preview Assets.xcassets in Resources */,
				664897D12B4ED23B0049F38A /* Config.plist in Resources */,
				664897C62B4ED19F0049F38A /* Assets.xcassets in Resources */,
			);
			runOnlyForDeploymentPostprocessing = 0;
		};
/* End PBXResourcesBuildPhase section */

/* Begin PBXSourcesBuildPhase section */
		664897BA2B4ED19D0049F38A /* Sources */ = {
			isa = PBXSourcesBuildPhase;
			buildActionMask = 2147483647;
			files = (
				664897C42B4ED19D0049F38A /* RecipeView.swift in Sources */,
				664897F62B50196D0049F38A /* Double+Extensions.swift in Sources */,
				664897D32B4ED2710049F38A /* RecipeViewModel.swift in Sources */,
				664897E42B4ED36B0049F38A /* ImageLoader.swift in Sources */,
				664897D92B4ED2D80049F38A /* BlurView.swift in Sources */,
				664897F82B5147520049F38A /* CookingStepsView.swift in Sources */,
				664897E22B4ED34B0049F38A /* RecipeServiceProtocol.swift in Sources */,
				664897FC2B5351470049F38A /* FavoritesManager.swift in Sources */,
				664897C22B4ED19D0049F38A /* KetoChefApp.swift in Sources */,
				664897DB2B4ED2EE0049F38A /* ConfigReader.swift in Sources */,
				664897E02B4ED3360049F38A /* RecipeMockService.swift in Sources */,
				664897EF2B4F06C50049F38A /* RecipeDetailsView.swift in Sources */,
				664897ED2B4EF94D0049F38A /* RecipeDetails.swift in Sources */,
				664897FA2B514B190049F38A /* CookingSteps.swift in Sources */,
				664897DE2B4ED31E0049F38A /* RecipeAPIService.swift in Sources */,
				664897F42B5010DA0049F38A /* String+Extensions.swift in Sources */,
				664897D72B4ED2BD0049F38A /* AsyncImageView.swift in Sources */,
				664897E82B4ED39C0049F38A /* Recipe.swift in Sources */,
			);
			runOnlyForDeploymentPostprocessing = 0;
		};
/* End PBXSourcesBuildPhase section */

/* Begin XCBuildConfiguration section */
		664897CA2B4ED19F0049F38A /* Debug */ = {
			isa = XCBuildConfiguration;
			buildSettings = {
				ALWAYS_SEARCH_USER_PATHS = NO;
				ASSETCATALOG_COMPILER_GENERATE_SWIFT_ASSET_SYMBOL_EXTENSIONS = YES;
				CLANG_ANALYZER_NONNULL = YES;
				CLANG_ANALYZER_NUMBER_OBJECT_CONVERSION = YES_AGGRESSIVE;
				CLANG_CXX_LANGUAGE_STANDARD = "gnu++20";
				CLANG_ENABLE_MODULES = YES;
				CLANG_ENABLE_OBJC_ARC = YES;
				CLANG_ENABLE_OBJC_WEAK = YES;
				CLANG_WARN_BLOCK_CAPTURE_AUTORELEASING = YES;
				CLANG_WARN_BOOL_CONVERSION = YES;
				CLANG_WARN_COMMA = YES;
				CLANG_WARN_CONSTANT_CONVERSION = YES;
				CLANG_WARN_DEPRECATED_OBJC_IMPLEMENTATIONS = YES;
				CLANG_WARN_DIRECT_OBJC_ISA_USAGE = YES_ERROR;
				CLANG_WARN_DOCUMENTATION_COMMENTS = YES;
				CLANG_WARN_EMPTY_BODY = YES;
				CLANG_WARN_ENUM_CONVERSION = YES;
				CLANG_WARN_INFINITE_RECURSION = YES;
				CLANG_WARN_INT_CONVERSION = YES;
				CLANG_WARN_NON_LITERAL_NULL_CONVERSION = YES;
				CLANG_WARN_OBJC_IMPLICIT_RETAIN_SELF = YES;
				CLANG_WARN_OBJC_LITERAL_CONVERSION = YES;
				CLANG_WARN_OBJC_ROOT_CLASS = YES_ERROR;
				CLANG_WARN_QUOTED_INCLUDE_IN_FRAMEWORK_HEADER = YES;
				CLANG_WARN_RANGE_LOOP_ANALYSIS = YES;
				CLANG_WARN_STRICT_PROTOTYPES = YES;
				CLANG_WARN_SUSPICIOUS_MOVE = YES;
				CLANG_WARN_UNGUARDED_AVAILABILITY = YES_AGGRESSIVE;
				CLANG_WARN_UNREACHABLE_CODE = YES;
				CLANG_WARN__DUPLICATE_METHOD_MATCH = YES;
				COPY_PHASE_STRIP = NO;
				DEBUG_INFORMATION_FORMAT = dwarf;
				ENABLE_STRICT_OBJC_MSGSEND = YES;
				ENABLE_TESTABILITY = YES;
				ENABLE_USER_SCRIPT_SANDBOXING = YES;
				GCC_C_LANGUAGE_STANDARD = gnu17;
				GCC_DYNAMIC_NO_PIC = NO;
				GCC_NO_COMMON_BLOCKS = YES;
				GCC_OPTIMIZATION_LEVEL = 0;
				GCC_PREPROCESSOR_DEFINITIONS = (
					"DEBUG=1",
					"$(inherited)",
				);
				GCC_WARN_64_TO_32_BIT_CONVERSION = YES;
				GCC_WARN_ABOUT_RETURN_TYPE = YES_ERROR;
				GCC_WARN_UNDECLARED_SELECTOR = YES;
				GCC_WARN_UNINITIALIZED_AUTOS = YES_AGGRESSIVE;
				GCC_WARN_UNUSED_FUNCTION = YES;
				GCC_WARN_UNUSED_VARIABLE = YES;
				IPHONEOS_DEPLOYMENT_TARGET = 17.2;
				LOCALIZATION_PREFERS_STRING_CATALOGS = YES;
				MTL_ENABLE_DEBUG_INFO = INCLUDE_SOURCE;
				MTL_FAST_MATH = YES;
				ONLY_ACTIVE_ARCH = YES;
				SDKROOT = iphoneos;
				SWIFT_ACTIVE_COMPILATION_CONDITIONS = "DEBUG $(inherited)";
				SWIFT_OPTIMIZATION_LEVEL = "-Onone";
			};
			name = Debug;
		};
		664897CB2B4ED19F0049F38A /* Release */ = {
			isa = XCBuildConfiguration;
			buildSettings = {
				ALWAYS_SEARCH_USER_PATHS = NO;
				ASSETCATALOG_COMPILER_GENERATE_SWIFT_ASSET_SYMBOL_EXTENSIONS = YES;
				CLANG_ANALYZER_NONNULL = YES;
				CLANG_ANALYZER_NUMBER_OBJECT_CONVERSION = YES_AGGRESSIVE;
				CLANG_CXX_LANGUAGE_STANDARD = "gnu++20";
				CLANG_ENABLE_MODULES = YES;
				CLANG_ENABLE_OBJC_ARC = YES;
				CLANG_ENABLE_OBJC_WEAK = YES;
				CLANG_WARN_BLOCK_CAPTURE_AUTORELEASING = YES;
				CLANG_WARN_BOOL_CONVERSION = YES;
				CLANG_WARN_COMMA = YES;
				CLANG_WARN_CONSTANT_CONVERSION = YES;
				CLANG_WARN_DEPRECATED_OBJC_IMPLEMENTATIONS = YES;
				CLANG_WARN_DIRECT_OBJC_ISA_USAGE = YES_ERROR;
				CLANG_WARN_DOCUMENTATION_COMMENTS = YES;
				CLANG_WARN_EMPTY_BODY = YES;
				CLANG_WARN_ENUM_CONVERSION = YES;
				CLANG_WARN_INFINITE_RECURSION = YES;
				CLANG_WARN_INT_CONVERSION = YES;
				CLANG_WARN_NON_LITERAL_NULL_CONVERSION = YES;
				CLANG_WARN_OBJC_IMPLICIT_RETAIN_SELF = YES;
				CLANG_WARN_OBJC_LITERAL_CONVERSION = YES;
				CLANG_WARN_OBJC_ROOT_CLASS = YES_ERROR;
				CLANG_WARN_QUOTED_INCLUDE_IN_FRAMEWORK_HEADER = YES;
				CLANG_WARN_RANGE_LOOP_ANALYSIS = YES;
				CLANG_WARN_STRICT_PROTOTYPES = YES;
				CLANG_WARN_SUSPICIOUS_MOVE = YES;
				CLANG_WARN_UNGUARDED_AVAILABILITY = YES_AGGRESSIVE;
				CLANG_WARN_UNREACHABLE_CODE = YES;
				CLANG_WARN__DUPLICATE_METHOD_MATCH = YES;
				COPY_PHASE_STRIP = NO;
				DEBUG_INFORMATION_FORMAT = "dwarf-with-dsym";
				ENABLE_NS_ASSERTIONS = NO;
				ENABLE_STRICT_OBJC_MSGSEND = YES;
				ENABLE_USER_SCRIPT_SANDBOXING = YES;
				GCC_C_LANGUAGE_STANDARD = gnu17;
				GCC_NO_COMMON_BLOCKS = YES;
				GCC_WARN_64_TO_32_BIT_CONVERSION = YES;
				GCC_WARN_ABOUT_RETURN_TYPE = YES_ERROR;
				GCC_WARN_UNDECLARED_SELECTOR = YES;
				GCC_WARN_UNINITIALIZED_AUTOS = YES_AGGRESSIVE;
				GCC_WARN_UNUSED_FUNCTION = YES;
				GCC_WARN_UNUSED_VARIABLE = YES;
				IPHONEOS_DEPLOYMENT_TARGET = 17.2;
				LOCALIZATION_PREFERS_STRING_CATALOGS = YES;
				MTL_ENABLE_DEBUG_INFO = NO;
				MTL_FAST_MATH = YES;
				SDKROOT = iphoneos;
				SWIFT_COMPILATION_MODE = wholemodule;
				VALIDATE_PRODUCT = YES;
			};
			name = Release;
		};
		664897CD2B4ED19F0049F38A /* Debug */ = {
			isa = XCBuildConfiguration;
			buildSettings = {
				ASSETCATALOG_COMPILER_APPICON_NAME = AppIcon;
				ASSETCATALOG_COMPILER_GLOBAL_ACCENT_COLOR_NAME = AccentColor;
				CODE_SIGN_STYLE = Automatic;
				CURRENT_PROJECT_VERSION = 1;
				DEVELOPMENT_ASSET_PATHS = "\"KetoChef/Preview Content\"";
				DEVELOPMENT_TEAM = 28BW499ZN4;
				ENABLE_PREVIEWS = YES;
				GENERATE_INFOPLIST_FILE = YES;
				INFOPLIST_KEY_UIApplicationSceneManifest_Generation = YES;
				INFOPLIST_KEY_UIApplicationSupportsIndirectInputEvents = YES;
				INFOPLIST_KEY_UILaunchScreen_Generation = YES;
				INFOPLIST_KEY_UISupportedInterfaceOrientations_iPad = "UIInterfaceOrientationPortrait UIInterfaceOrientationPortraitUpsideDown UIInterfaceOrientationLandscapeLeft UIInterfaceOrientationLandscapeRight";
				INFOPLIST_KEY_UISupportedInterfaceOrientations_iPhone = "UIInterfaceOrientationPortrait UIInterfaceOrientationLandscapeLeft UIInterfaceOrientationLandscapeRight";
				LD_RUNPATH_SEARCH_PATHS = (
					"$(inherited)",
					"@executable_path/Frameworks",
				);
				MARKETING_VERSION = 1.0;
				PRODUCT_BUNDLE_IDENTIFIER = com.krystiangrabowy.KetoChef;
				PRODUCT_NAME = "$(TARGET_NAME)";
				SWIFT_EMIT_LOC_STRINGS = YES;
				SWIFT_VERSION = 5.0;
				TARGETED_DEVICE_FAMILY = "1,2";
			};
			name = Debug;
		};
		664897CE2B4ED19F0049F38A /* Release */ = {
			isa = XCBuildConfiguration;
			buildSettings = {
				ASSETCATALOG_COMPILER_APPICON_NAME = AppIcon;
				ASSETCATALOG_COMPILER_GLOBAL_ACCENT_COLOR_NAME = AccentColor;
				CODE_SIGN_STYLE = Automatic;
				CURRENT_PROJECT_VERSION = 1;
				DEVELOPMENT_ASSET_PATHS = "\"KetoChef/Preview Content\"";
				DEVELOPMENT_TEAM = 28BW499ZN4;
				ENABLE_PREVIEWS = YES;
				GENERATE_INFOPLIST_FILE = YES;
				INFOPLIST_KEY_UIApplicationSceneManifest_Generation = YES;
				INFOPLIST_KEY_UIApplicationSupportsIndirectInputEvents = YES;
				INFOPLIST_KEY_UILaunchScreen_Generation = YES;
				INFOPLIST_KEY_UISupportedInterfaceOrientations_iPad = "UIInterfaceOrientationPortrait UIInterfaceOrientationPortraitUpsideDown UIInterfaceOrientationLandscapeLeft UIInterfaceOrientationLandscapeRight";
				INFOPLIST_KEY_UISupportedInterfaceOrientations_iPhone = "UIInterfaceOrientationPortrait UIInterfaceOrientationLandscapeLeft UIInterfaceOrientationLandscapeRight";
				LD_RUNPATH_SEARCH_PATHS = (
					"$(inherited)",
					"@executable_path/Frameworks",
				);
				MARKETING_VERSION = 1.0;
				PRODUCT_BUNDLE_IDENTIFIER = com.krystiangrabowy.KetoChef;
				PRODUCT_NAME = "$(TARGET_NAME)";
				SWIFT_EMIT_LOC_STRINGS = YES;
				SWIFT_VERSION = 5.0;
				TARGETED_DEVICE_FAMILY = "1,2";
			};
			name = Release;
		};
/* End XCBuildConfiguration section */

/* Begin XCConfigurationList section */
		664897B92B4ED19D0049F38A /* Build configuration list for PBXProject "KetoChef" */ = {
			isa = XCConfigurationList;
			buildConfigurations = (
				664897CA2B4ED19F0049F38A /* Debug */,
				664897CB2B4ED19F0049F38A /* Release */,
			);
			defaultConfigurationIsVisible = 0;
			defaultConfigurationName = Release;
		};
		664897CC2B4ED19F0049F38A /* Build configuration list for PBXNativeTarget "KetoChef" */ = {
			isa = XCConfigurationList;
			buildConfigurations = (
				664897CD2B4ED19F0049F38A /* Debug */,
				664897CE2B4ED19F0049F38A /* Release */,
			);
			defaultConfigurationIsVisible = 0;
			defaultConfigurationName = Release;
		};
/* End XCConfigurationList section */
	};
	rootObject = 664897B62B4ED19D0049F38A /* Project object */;
}
